// !$*UTF8*$!
{
	archiveVersion = 1;
	classes = {
	};
	objectVersion = 56;
	objects = {

/* Begin PBXBuildFile section */
		E22DA2872914D0DE004FD3E9 /* AppDelegate.swift in Sources */ = {isa = PBXBuildFile; fileRef = E22DA2862914D0DE004FD3E9 /* AppDelegate.swift */; };
		E22DA2892914D0DE004FD3E9 /* SceneDelegate.swift in Sources */ = {isa = PBXBuildFile; fileRef = E22DA2882914D0DE004FD3E9 /* SceneDelegate.swift */; };
		E22DA28B2914D0DE004FD3E9 /* ViewController.swift in Sources */ = {isa = PBXBuildFile; fileRef = E22DA28A2914D0DE004FD3E9 /* ViewController.swift */; };
		E22DA28E2914D0DE004FD3E9 /* Main.storyboard in Resources */ = {isa = PBXBuildFile; fileRef = E22DA28C2914D0DE004FD3E9 /* Main.storyboard */; };
		E22DA2902914D0DF004FD3E9 /* Assets.xcassets in Resources */ = {isa = PBXBuildFile; fileRef = E22DA28F2914D0DF004FD3E9 /* Assets.xcassets */; };
		E22DA2932914D0DF004FD3E9 /* LaunchScreen.storyboard in Resources */ = {isa = PBXBuildFile; fileRef = E22DA2912914D0DF004FD3E9 /* LaunchScreen.storyboard */; };
		E22DA29E2914D0DF004FD3E9 /* RetinaScanTests.swift in Sources */ = {isa = PBXBuildFile; fileRef = E22DA29D2914D0DF004FD3E9 /* RetinaScanTests.swift */; };
		E22DA2A82914D0DF004FD3E9 /* RetinaScanUITests.swift in Sources */ = {isa = PBXBuildFile; fileRef = E22DA2A72914D0DF004FD3E9 /* RetinaScanUITests.swift */; };
		E22DA2AA2914D0DF004FD3E9 /* RetinaScanUITestsLaunchTests.swift in Sources */ = {isa = PBXBuildFile; fileRef = E22DA2A92914D0DF004FD3E9 /* RetinaScanUITestsLaunchTests.swift */; };
		E22DA2B72914D115004FD3E9 /* Utility.swift in Sources */ = {isa = PBXBuildFile; fileRef = E22DA2B62914D115004FD3E9 /* Utility.swift */; };
		E22DA2B92914D1CE004FD3E9 /* ARSCNViewDelegate.swift in Sources */ = {isa = PBXBuildFile; fileRef = E22DA2B82914D1CE004FD3E9 /* ARSCNViewDelegate.swift */; };
/* End PBXBuildFile section */

/* Begin PBXContainerItemProxy section */
		E22DA29A2914D0DF004FD3E9 /* PBXContainerItemProxy */ = {
			isa = PBXContainerItemProxy;
			containerPortal = E22DA27B2914D0DE004FD3E9 /* Project object */;
			proxyType = 1;
			remoteGlobalIDString = E22DA2822914D0DE004FD3E9;
			remoteInfo = demoRetinaScan;
		};
		E22DA2A42914D0DF004FD3E9 /* PBXContainerItemProxy */ = {
			isa = PBXContainerItemProxy;
			containerPortal = E22DA27B2914D0DE004FD3E9 /* Project object */;
			proxyType = 1;
			remoteGlobalIDString = E22DA2822914D0DE004FD3E9;
			remoteInfo = demoRetinaScan;
		};
/* End PBXContainerItemProxy section */

/* Begin PBXFileReference section */
		E22DA2832914D0DE004FD3E9 /* RetinaScan.app */ = {isa = PBXFileReference; explicitFileType = wrapper.application; includeInIndex = 0; path = RetinaScan.app; sourceTree = BUILT_PRODUCTS_DIR; };
		E22DA2862914D0DE004FD3E9 /* AppDelegate.swift */ = {isa = PBXFileReference; lastKnownFileType = sourcecode.swift; path = AppDelegate.swift; sourceTree = "<group>"; };
		E22DA2882914D0DE004FD3E9 /* SceneDelegate.swift */ = {isa = PBXFileReference; lastKnownFileType = sourcecode.swift; path = SceneDelegate.swift; sourceTree = "<group>"; };
		E22DA28A2914D0DE004FD3E9 /* ViewController.swift */ = {isa = PBXFileReference; lastKnownFileType = sourcecode.swift; path = ViewController.swift; sourceTree = "<group>"; };
		E22DA28D2914D0DE004FD3E9 /* Base */ = {isa = PBXFileReference; lastKnownFileType = file.storyboard; name = Base; path = Base.lproj/Main.storyboard; sourceTree = "<group>"; };
		E22DA28F2914D0DF004FD3E9 /* Assets.xcassets */ = {isa = PBXFileReference; lastKnownFileType = folder.assetcatalog; path = Assets.xcassets; sourceTree = "<group>"; };
		E22DA2922914D0DF004FD3E9 /* Base */ = {isa = PBXFileReference; lastKnownFileType = file.storyboard; name = Base; path = Base.lproj/LaunchScreen.storyboard; sourceTree = "<group>"; };
		E22DA2942914D0DF004FD3E9 /* Info.plist */ = {isa = PBXFileReference; lastKnownFileType = text.plist.xml; path = Info.plist; sourceTree = "<group>"; };
		E22DA2992914D0DF004FD3E9 /* RetinaScanTests.xctest */ = {isa = PBXFileReference; explicitFileType = wrapper.cfbundle; includeInIndex = 0; path = RetinaScanTests.xctest; sourceTree = BUILT_PRODUCTS_DIR; };
		E22DA29D2914D0DF004FD3E9 /* RetinaScanTests.swift */ = {isa = PBXFileReference; lastKnownFileType = sourcecode.swift; path = RetinaScanTests.swift; sourceTree = "<group>"; };
		E22DA2A32914D0DF004FD3E9 /* RetinaScanUITests.xctest */ = {isa = PBXFileReference; explicitFileType = wrapper.cfbundle; includeInIndex = 0; path = RetinaScanUITests.xctest; sourceTree = BUILT_PRODUCTS_DIR; };
		E22DA2A72914D0DF004FD3E9 /* RetinaScanUITests.swift */ = {isa = PBXFileReference; lastKnownFileType = sourcecode.swift; path = RetinaScanUITests.swift; sourceTree = "<group>"; };
		E22DA2A92914D0DF004FD3E9 /* RetinaScanUITestsLaunchTests.swift */ = {isa = PBXFileReference; lastKnownFileType = sourcecode.swift; path = RetinaScanUITestsLaunchTests.swift; sourceTree = "<group>"; };
		E22DA2B62914D115004FD3E9 /* Utility.swift */ = {isa = PBXFileReference; lastKnownFileType = sourcecode.swift; path = Utility.swift; sourceTree = "<group>"; };
		E22DA2B82914D1CE004FD3E9 /* ARSCNViewDelegate.swift */ = {isa = PBXFileReference; lastKnownFileType = sourcecode.swift; path = ARSCNViewDelegate.swift; sourceTree = "<group>"; };
/* End PBXFileReference section */

/* Begin PBXFrameworksBuildPhase section */
		E22DA2802914D0DE004FD3E9 /* Frameworks */ = {
			isa = PBXFrameworksBuildPhase;
			buildActionMask = 2147483647;
			files = (
			);
			runOnlyForDeploymentPostprocessing = 0;
		};
		E22DA2962914D0DF004FD3E9 /* Frameworks */ = {
			isa = PBXFrameworksBuildPhase;
			buildActionMask = 2147483647;
			files = (
			);
			runOnlyForDeploymentPostprocessing = 0;
		};
		E22DA2A02914D0DF004FD3E9 /* Frameworks */ = {
			isa = PBXFrameworksBuildPhase;
			buildActionMask = 2147483647;
			files = (
			);
			runOnlyForDeploymentPostprocessing = 0;
		};
/* End PBXFrameworksBuildPhase section */

/* Begin PBXGroup section */
		E22DA27A2914D0DE004FD3E9 = {
			isa = PBXGroup;
			children = (
				E22DA2852914D0DE004FD3E9 /* RetinaScan */,
				E22DA29C2914D0DF004FD3E9 /* RetinaScanTests */,
				E22DA2A62914D0DF004FD3E9 /* RetinaScanUITests */,
				E22DA2842914D0DE004FD3E9 /* Products */,
			);
			sourceTree = "<group>";
		};
		E22DA2842914D0DE004FD3E9 /* Products */ = {
			isa = PBXGroup;
			children = (
				E22DA2832914D0DE004FD3E9 /* RetinaScan.app */,
				E22DA2992914D0DF004FD3E9 /* RetinaScanTests.xctest */,
				E22DA2A32914D0DF004FD3E9 /* RetinaScanUITests.xctest */,
			);
			name = Products;
			sourceTree = "<group>";
		};
		E22DA2852914D0DE004FD3E9 /* RetinaScan */ = {
			isa = PBXGroup;
			children = (
				E22DA2862914D0DE004FD3E9 /* AppDelegate.swift */,
				E22DA2882914D0DE004FD3E9 /* SceneDelegate.swift */,
				E22DA28A2914D0DE004FD3E9 /* ViewController.swift */,
				E22DA2B62914D115004FD3E9 /* Utility.swift */,
				E22DA2B82914D1CE004FD3E9 /* ARSCNViewDelegate.swift */,
				E22DA28C2914D0DE004FD3E9 /* Main.storyboard */,
				E22DA28F2914D0DF004FD3E9 /* Assets.xcassets */,
				E22DA2912914D0DF004FD3E9 /* LaunchScreen.storyboard */,
				E22DA2942914D0DF004FD3E9 /* Info.plist */,
			);
			path = RetinaScan;
			sourceTree = "<group>";
		};
		E22DA29C2914D0DF004FD3E9 /* RetinaScanTests */ = {
			isa = PBXGroup;
			children = (
				E22DA29D2914D0DF004FD3E9 /* RetinaScanTests.swift */,
			);
			path = RetinaScanTests;
			sourceTree = "<group>";
		};
		E22DA2A62914D0DF004FD3E9 /* RetinaScanUITests */ = {
			isa = PBXGroup;
			children = (
				E22DA2A72914D0DF004FD3E9 /* RetinaScanUITests.swift */,
				E22DA2A92914D0DF004FD3E9 /* RetinaScanUITestsLaunchTests.swift */,
			);
			path = RetinaScanUITests;
			sourceTree = "<group>";
		};
/* End PBXGroup section */

/* Begin PBXNativeTarget section */
		E22DA2822914D0DE004FD3E9 /* RetinaScan */ = {
			isa = PBXNativeTarget;
			buildConfigurationList = E22DA2AD2914D0DF004FD3E9 /* Build configuration list for PBXNativeTarget "RetinaScan" */;
			buildPhases = (
				E22DA27F2914D0DE004FD3E9 /* Sources */,
				E22DA2802914D0DE004FD3E9 /* Frameworks */,
				E22DA2812914D0DE004FD3E9 /* Resources */,
			);
			buildRules = (
			);
			dependencies = (
			);
			name = RetinaScan;
			productName = demoRetinaScan;
			productReference = E22DA2832914D0DE004FD3E9 /* RetinaScan.app */;
			productType = "com.apple.product-type.application";
		};
		E22DA2982914D0DF004FD3E9 /* RetinaScanTests */ = {
			isa = PBXNativeTarget;
			buildConfigurationList = E22DA2B02914D0DF004FD3E9 /* Build configuration list for PBXNativeTarget "RetinaScanTests" */;
			buildPhases = (
				E22DA2952914D0DF004FD3E9 /* Sources */,
				E22DA2962914D0DF004FD3E9 /* Frameworks */,
				E22DA2972914D0DF004FD3E9 /* Resources */,
			);
			buildRules = (
			);
			dependencies = (
				E22DA29B2914D0DF004FD3E9 /* PBXTargetDependency */,
			);
			name = RetinaScanTests;
			productName = demoRetinaScanTests;
			productReference = E22DA2992914D0DF004FD3E9 /* RetinaScanTests.xctest */;
			productType = "com.apple.product-type.bundle.unit-test";
		};
		E22DA2A22914D0DF004FD3E9 /* RetinaScanUITests */ = {
			isa = PBXNativeTarget;
			buildConfigurationList = E22DA2B32914D0DF004FD3E9 /* Build configuration list for PBXNativeTarget "RetinaScanUITests" */;
			buildPhases = (
				E22DA29F2914D0DF004FD3E9 /* Sources */,
				E22DA2A02914D0DF004FD3E9 /* Frameworks */,
				E22DA2A12914D0DF004FD3E9 /* Resources */,
			);
			buildRules = (
			);
			dependencies = (
				E22DA2A52914D0DF004FD3E9 /* PBXTargetDependency */,
			);
			name = RetinaScanUITests;
			productName = demoRetinaScanUITests;
			productReference = E22DA2A32914D0DF004FD3E9 /* RetinaScanUITests.xctest */;
			productType = "com.apple.product-type.bundle.ui-testing";
		};
/* End PBXNativeTarget section */

/* Begin PBXProject section */
		E22DA27B2914D0DE004FD3E9 /* Project object */ = {
			isa = PBXProject;
			attributes = {
				BuildIndependentTargetsInParallel = 1;
				LastSwiftUpdateCheck = 1410;
				LastUpgradeCheck = 1410;
				TargetAttributes = {
					E22DA2822914D0DE004FD3E9 = {
						CreatedOnToolsVersion = 14.1;
					};
					E22DA2982914D0DF004FD3E9 = {
						CreatedOnToolsVersion = 14.1;
						TestTargetID = E22DA2822914D0DE004FD3E9;
					};
					E22DA2A22914D0DF004FD3E9 = {
						CreatedOnToolsVersion = 14.1;
						TestTargetID = E22DA2822914D0DE004FD3E9;
					};
				};
			};
			buildConfigurationList = E22DA27E2914D0DE004FD3E9 /* Build configuration list for PBXProject "RetinaScan" */;
			compatibilityVersion = "Xcode 14.0";
			developmentRegion = en;
			hasScannedForEncodings = 0;
			knownRegions = (
				en,
				Base,
			);
			mainGroup = E22DA27A2914D0DE004FD3E9;
			productRefGroup = E22DA2842914D0DE004FD3E9 /* Products */;
			projectDirPath = "";
			projectRoot = "";
			targets = (
				E22DA2822914D0DE004FD3E9 /* RetinaScan */,
				E22DA2982914D0DF004FD3E9 /* RetinaScanTests */,
				E22DA2A22914D0DF004FD3E9 /* RetinaScanUITests */,
			);
		};
/* End PBXProject section */

/* Begin PBXResourcesBuildPhase section */
		E22DA2812914D0DE004FD3E9 /* Resources */ = {
			isa = PBXResourcesBuildPhase;
			buildActionMask = 2147483647;
			files = (
				E22DA2932914D0DF004FD3E9 /* LaunchScreen.storyboard in Resources */,
				E22DA2902914D0DF004FD3E9 /* Assets.xcassets in Resources */,
				E22DA28E2914D0DE004FD3E9 /* Main.storyboard in Resources */,
			);
			runOnlyForDeploymentPostprocessing = 0;
		};
		E22DA2972914D0DF004FD3E9 /* Resources */ = {
			isa = PBXResourcesBuildPhase;
			buildActionMask = 2147483647;
			files = (
			);
			runOnlyForDeploymentPostprocessing = 0;
		};
		E22DA2A12914D0DF004FD3E9 /* Resources */ = {
			isa = PBXResourcesBuildPhase;
			buildActionMask = 2147483647;
			files = (
			);
			runOnlyForDeploymentPostprocessing = 0;
		};
/* End PBXResourcesBuildPhase section */

/* Begin PBXSourcesBuildPhase section */
		E22DA27F2914D0DE004FD3E9 /* Sources */ = {
			isa = PBXSourcesBuildPhase;
			buildActionMask = 2147483647;
			files = (
				E22DA2B72914D115004FD3E9 /* Utility.swift in Sources */,
				E22DA28B2914D0DE004FD3E9 /* ViewController.swift in Sources */,
				E22DA2872914D0DE004FD3E9 /* AppDelegate.swift in Sources */,
				E22DA2892914D0DE004FD3E9 /* SceneDelegate.swift in Sources */,
				E22DA2B92914D1CE004FD3E9 /* ARSCNViewDelegate.swift in Sources */,
			);
			runOnlyForDeploymentPostprocessing = 0;
		};
		E22DA2952914D0DF004FD3E9 /* Sources */ = {
			isa = PBXSourcesBuildPhase;
			buildActionMask = 2147483647;
			files = (
				E22DA29E2914D0DF004FD3E9 /* RetinaScanTests.swift in Sources */,
			);
			runOnlyForDeploymentPostprocessing = 0;
		};
		E22DA29F2914D0DF004FD3E9 /* Sources */ = {
			isa = PBXSourcesBuildPhase;
			buildActionMask = 2147483647;
			files = (
				E22DA2A82914D0DF004FD3E9 /* RetinaScanUITests.swift in Sources */,
				E22DA2AA2914D0DF004FD3E9 /* RetinaScanUITestsLaunchTests.swift in Sources */,
			);
			runOnlyForDeploymentPostprocessing = 0;
		};
/* End PBXSourcesBuildPhase section */

/* Begin PBXTargetDependency section */
		E22DA29B2914D0DF004FD3E9 /* PBXTargetDependency */ = {
			isa = PBXTargetDependency;
			target = E22DA2822914D0DE004FD3E9 /* RetinaScan */;
			targetProxy = E22DA29A2914D0DF004FD3E9 /* PBXContainerItemProxy */;
		};
		E22DA2A52914D0DF004FD3E9 /* PBXTargetDependency */ = {
			isa = PBXTargetDependency;
			target = E22DA2822914D0DE004FD3E9 /* RetinaScan */;
			targetProxy = E22DA2A42914D0DF004FD3E9 /* PBXContainerItemProxy */;
		};
/* End PBXTargetDependency section */

/* Begin PBXVariantGroup section */
		E22DA28C2914D0DE004FD3E9 /* Main.storyboard */ = {
			isa = PBXVariantGroup;
			children = (
				E22DA28D2914D0DE004FD3E9 /* Base */,
			);
			name = Main.storyboard;
			sourceTree = "<group>";
		};
		E22DA2912914D0DF004FD3E9 /* LaunchScreen.storyboard */ = {
			isa = PBXVariantGroup;
			children = (
				E22DA2922914D0DF004FD3E9 /* Base */,
			);
			name = LaunchScreen.storyboard;
			sourceTree = "<group>";
		};
/* End PBXVariantGroup section */

/* Begin XCBuildConfiguration section */
		E22DA2AB2914D0DF004FD3E9 /* Debug */ = {
			isa = XCBuildConfiguration;
			buildSettings = {
				ALWAYS_SEARCH_USER_PATHS = NO;
				CLANG_ANALYZER_NONNULL = YES;
				CLANG_ANALYZER_NUMBER_OBJECT_CONVERSION = YES_AGGRESSIVE;
				CLANG_CXX_LANGUAGE_STANDARD = "gnu++20";
				CLANG_ENABLE_MODULES = YES;
				CLANG_ENABLE_OBJC_ARC = YES;
				CLANG_ENABLE_OBJC_WEAK = YES;
				CLANG_WARN_BLOCK_CAPTURE_AUTORELEASING = YES;
				CLANG_WARN_BOOL_CONVERSION = YES;
				CLANG_WARN_COMMA = YES;
				CLANG_WARN_CONSTANT_CONVERSION = YES;
				CLANG_WARN_DEPRECATED_OBJC_IMPLEMENTATIONS = YES;
				CLANG_WARN_DIRECT_OBJC_ISA_USAGE = YES_ERROR;
				CLANG_WARN_DOCUMENTATION_COMMENTS = YES;
				CLANG_WARN_EMPTY_BODY = YES;
				CLANG_WARN_ENUM_CONVERSION = YES;
				CLANG_WARN_INFINITE_RECURSION = YES;
				CLANG_WARN_INT_CONVERSION = YES;
				CLANG_WARN_NON_LITERAL_NULL_CONVERSION = YES;
				CLANG_WARN_OBJC_IMPLICIT_RETAIN_SELF = YES;
				CLANG_WARN_OBJC_LITERAL_CONVERSION = YES;
				CLANG_WARN_OBJC_ROOT_CLASS = YES_ERROR;
				CLANG_WARN_QUOTED_INCLUDE_IN_FRAMEWORK_HEADER = YES;
				CLANG_WARN_RANGE_LOOP_ANALYSIS = YES;
				CLANG_WARN_STRICT_PROTOTYPES = YES;
				CLANG_WARN_SUSPICIOUS_MOVE = YES;
				CLANG_WARN_UNGUARDED_AVAILABILITY = YES_AGGRESSIVE;
				CLANG_WARN_UNREACHABLE_CODE = YES;
				CLANG_WARN__DUPLICATE_METHOD_MATCH = YES;
				COPY_PHASE_STRIP = NO;
				DEBUG_INFORMATION_FORMAT = dwarf;
				ENABLE_STRICT_OBJC_MSGSEND = YES;
				ENABLE_TESTABILITY = YES;
				GCC_C_LANGUAGE_STANDARD = gnu11;
				GCC_DYNAMIC_NO_PIC = NO;
				GCC_NO_COMMON_BLOCKS = YES;
				GCC_OPTIMIZATION_LEVEL = 0;
				GCC_PREPROCESSOR_DEFINITIONS = (
					"DEBUG=1",
					"$(inherited)",
				);
				GCC_WARN_64_TO_32_BIT_CONVERSION = YES;
				GCC_WARN_ABOUT_RETURN_TYPE = YES_ERROR;
				GCC_WARN_UNDECLARED_SELECTOR = YES;
				GCC_WARN_UNINITIALIZED_AUTOS = YES_AGGRESSIVE;
				GCC_WARN_UNUSED_FUNCTION = YES;
				GCC_WARN_UNUSED_VARIABLE = YES;
				IPHONEOS_DEPLOYMENT_TARGET = 16.1;
				MTL_ENABLE_DEBUG_INFO = INCLUDE_SOURCE;
				MTL_FAST_MATH = YES;
				ONLY_ACTIVE_ARCH = YES;
				SDKROOT = iphoneos;
				SWIFT_ACTIVE_COMPILATION_CONDITIONS = DEBUG;
				SWIFT_OPTIMIZATION_LEVEL = "-Onone";
			};
			name = Debug;
		};
		E22DA2AC2914D0DF004FD3E9 /* Release */ = {
			isa = XCBuildConfiguration;
			buildSettings = {
				ALWAYS_SEARCH_USER_PATHS = NO;
				CLANG_ANALYZER_NONNULL = YES;
				CLANG_ANALYZER_NUMBER_OBJECT_CONVERSION = YES_AGGRESSIVE;
				CLANG_CXX_LANGUAGE_STANDARD = "gnu++20";
				CLANG_ENABLE_MODULES = YES;
				CLANG_ENABLE_OBJC_ARC = YES;
				CLANG_ENABLE_OBJC_WEAK = YES;
				CLANG_WARN_BLOCK_CAPTURE_AUTORELEASING = YES;
				CLANG_WARN_BOOL_CONVERSION = YES;
				CLANG_WARN_COMMA = YES;
				CLANG_WARN_CONSTANT_CONVERSION = YES;
				CLANG_WARN_DEPRECATED_OBJC_IMPLEMENTATIONS = YES;
				CLANG_WARN_DIRECT_OBJC_ISA_USAGE = YES_ERROR;
				CLANG_WARN_DOCUMENTATION_COMMENTS = YES;
				CLANG_WARN_EMPTY_BODY = YES;
				CLANG_WARN_ENUM_CONVERSION = YES;
				CLANG_WARN_INFINITE_RECURSION = YES;
				CLANG_WARN_INT_CONVERSION = YES;
				CLANG_WARN_NON_LITERAL_NULL_CONVERSION = YES;
				CLANG_WARN_OBJC_IMPLICIT_RETAIN_SELF = YES;
				CLANG_WARN_OBJC_LITERAL_CONVERSION = YES;
				CLANG_WARN_OBJC_ROOT_CLASS = YES_ERROR;
				CLANG_WARN_QUOTED_INCLUDE_IN_FRAMEWORK_HEADER = YES;
				CLANG_WARN_RANGE_LOOP_ANALYSIS = YES;
				CLANG_WARN_STRICT_PROTOTYPES = YES;
				CLANG_WARN_SUSPICIOUS_MOVE = YES;
				CLANG_WARN_UNGUARDED_AVAILABILITY = YES_AGGRESSIVE;
				CLANG_WARN_UNREACHABLE_CODE = YES;
				CLANG_WARN__DUPLICATE_METHOD_MATCH = YES;
				COPY_PHASE_STRIP = NO;
				DEBUG_INFORMATION_FORMAT = "dwarf-with-dsym";
				ENABLE_NS_ASSERTIONS = NO;
				ENABLE_STRICT_OBJC_MSGSEND = YES;
				GCC_C_LANGUAGE_STANDARD = gnu11;
				GCC_NO_COMMON_BLOCKS = YES;
				GCC_WARN_64_TO_32_BIT_CONVERSION = YES;
				GCC_WARN_ABOUT_RETURN_TYPE = YES_ERROR;
				GCC_WARN_UNDECLARED_SELECTOR = YES;
				GCC_WARN_UNINITIALIZED_AUTOS = YES_AGGRESSIVE;
				GCC_WARN_UNUSED_FUNCTION = YES;
				GCC_WARN_UNUSED_VARIABLE = YES;
				IPHONEOS_DEPLOYMENT_TARGET = 16.1;
				MTL_ENABLE_DEBUG_INFO = NO;
				MTL_FAST_MATH = YES;
				SDKROOT = iphoneos;
				SWIFT_COMPILATION_MODE = wholemodule;
				SWIFT_OPTIMIZATION_LEVEL = "-O";
				VALIDATE_PRODUCT = YES;
			};
			name = Release;
		};
		E22DA2AE2914D0DF004FD3E9 /* Debug */ = {
			isa = XCBuildConfiguration;
			buildSettings = {
				ASSETCATALOG_COMPILER_APPICON_NAME = AppIcon;
				ASSETCATALOG_COMPILER_GLOBAL_ACCENT_COLOR_NAME = AccentColor;
				CODE_SIGN_STYLE = Automatic;
				CURRENT_PROJECT_VERSION = 1;
				DEVELOPMENT_TEAM = Q8A8KD834Q;
				GENERATE_INFOPLIST_FILE = YES;
				INFOPLIST_FILE = RetinaScan/Info.plist;
				INFOPLIST_KEY_NSCameraUsageDescription = "";
				INFOPLIST_KEY_UIApplicationSupportsIndirectInputEvents = YES;
				INFOPLIST_KEY_UILaunchStoryboardName = LaunchScreen;
				INFOPLIST_KEY_UIMainStoryboardFile = Main;
				INFOPLIST_KEY_UISupportedInterfaceOrientations_iPad = "UIInterfaceOrientationPortrait UIInterfaceOrientationPortraitUpsideDown UIInterfaceOrientationLandscapeLeft UIInterfaceOrientationLandscapeRight";
				INFOPLIST_KEY_UISupportedInterfaceOrientations_iPhone = "UIInterfaceOrientationPortrait UIInterfaceOrientationLandscapeLeft UIInterfaceOrientationLandscapeRight";
				IPHONEOS_DEPLOYMENT_TARGET = 16.0;
				LD_RUNPATH_SEARCH_PATHS = (
					"$(inherited)",
					"@executable_path/Frameworks",
				);
				MARKETING_VERSION = 1.0;
				PRODUCT_BUNDLE_IDENTIFIER = com.RetinaScan.demoRetinaScan;
				PRODUCT_NAME = "$(TARGET_NAME)";
				SWIFT_EMIT_LOC_STRINGS = YES;
				SWIFT_VERSION = 5.0;
				TARGETED_DEVICE_FAMILY = "1,2";
			};
			name = Debug;
		};
		E22DA2AF2914D0DF004FD3E9 /* Release */ = {
			isa = XCBuildConfiguration;
			buildSettings = {
				ASSETCATALOG_COMPILER_APPICON_NAME = AppIcon;
				ASSETCATALOG_COMPILER_GLOBAL_ACCENT_COLOR_NAME = AccentColor;
				CODE_SIGN_STYLE = Automatic;
				CURRENT_PROJECT_VERSION = 1;
				DEVELOPMENT_TEAM = Q8A8KD834Q;
				GENERATE_INFOPLIST_FILE = YES;
				INFOPLIST_FILE = RetinaScan/Info.plist;
				INFOPLIST_KEY_NSCameraUsageDescription = "";
				INFOPLIST_KEY_UIApplicationSupportsIndirectInputEvents = YES;
				INFOPLIST_KEY_UILaunchStoryboardName = LaunchScreen;
				INFOPLIST_KEY_UIMainStoryboardFile = Main;
				INFOPLIST_KEY_UISupportedInterfaceOrientations_iPad = "UIInterfaceOrientationPortrait UIInterfaceOrientationPortraitUpsideDown UIInterfaceOrientationLandscapeLeft UIInterfaceOrientationLandscapeRight";
				INFOPLIST_KEY_UISupportedInterfaceOrientations_iPhone = "UIInterfaceOrientationPortrait UIInterfaceOrientationLandscapeLeft UIInterfaceOrientationLandscapeRight";
				IPHONEOS_DEPLOYMENT_TARGET = 16.0;
				LD_RUNPATH_SEARCH_PATHS = (
					"$(inherited)",
					"@executable_path/Frameworks",
				);
				MARKETING_VERSION = 1.0;
				PRODUCT_BUNDLE_IDENTIFIER = com.RetinaScan.demoRetinaScan;
				PRODUCT_NAME = "$(TARGET_NAME)";
				SWIFT_EMIT_LOC_STRINGS = YES;
				SWIFT_VERSION = 5.0;
				TARGETED_DEVICE_FAMILY = "1,2";
			};
			name = Release;
		};
		E22DA2B12914D0DF004FD3E9 /* Debug */ = {
			isa = XCBuildConfiguration;
			buildSettings = {
				ALWAYS_EMBED_SWIFT_STANDARD_LIBRARIES = YES;
				BUNDLE_LOADER = "$(TEST_HOST)";
				CODE_SIGN_STYLE = Automatic;
				CURRENT_PROJECT_VERSION = 1;
				DEVELOPMENT_TEAM = Q8A8KD834Q;
				GENERATE_INFOPLIST_FILE = YES;
				IPHONEOS_DEPLOYMENT_TARGET = 16.1;
				MARKETING_VERSION = 1.0;
				PRODUCT_BUNDLE_IDENTIFIER = RetinaScan.demoRetinaScanTests;
				PRODUCT_NAME = "$(TARGET_NAME)";
				SWIFT_EMIT_LOC_STRINGS = NO;
				SWIFT_VERSION = 5.0;
				TARGETED_DEVICE_FAMILY = "1,2";
				TEST_HOST = "$(BUILT_PRODUCTS_DIR)/RetinaScan.app/$(BUNDLE_EXECUTABLE_FOLDER_PATH)/RetinaScan";
			};
			name = Debug;
		};
		E22DA2B22914D0DF004FD3E9 /* Release */ = {
			isa = XCBuildConfiguration;
			buildSettings = {
				ALWAYS_EMBED_SWIFT_STANDARD_LIBRARIES = YES;
				BUNDLE_LOADER = "$(TEST_HOST)";
				CODE_SIGN_STYLE = Automatic;
				CURRENT_PROJECT_VERSION = 1;
				DEVELOPMENT_TEAM = Q8A8KD834Q;
				GENERATE_INFOPLIST_FILE = YES;
				IPHONEOS_DEPLOYMENT_TARGET = 16.1;
				MARKETING_VERSION = 1.0;
				PRODUCT_BUNDLE_IDENTIFIER = RetinaScan.demoRetinaScanTests;
				PRODUCT_NAME = "$(TARGET_NAME)";
				SWIFT_EMIT_LOC_STRINGS = NO;
				SWIFT_VERSION = 5.0;
				TARGETED_DEVICE_FAMILY = "1,2";
				TEST_HOST = "$(BUILT_PRODUCTS_DIR)/RetinaScan.app/$(BUNDLE_EXECUTABLE_FOLDER_PATH)/RetinaScan";
			};
			name = Release;
		};
		E22DA2B42914D0DF004FD3E9 /* Debug */ = {
			isa = XCBuildConfiguration;
			buildSettings = {
				ALWAYS_EMBED_SWIFT_STANDARD_LIBRARIES = YES;
				CODE_SIGN_STYLE = Automatic;
				CURRENT_PROJECT_VERSION = 1;
				DEVELOPMENT_TEAM = Q8A8KD834Q;
				GENERATE_INFOPLIST_FILE = YES;
				MARKETING_VERSION = 1.0;
				PRODUCT_BUNDLE_IDENTIFIER = RetinaScan.demoRetinaScanUITests;
				PRODUCT_NAME = "$(TARGET_NAME)";
				SWIFT_EMIT_LOC_STRINGS = NO;
				SWIFT_VERSION = 5.0;
				TARGETED_DEVICE_FAMILY = "1,2";
				TEST_TARGET_NAME = demoRetinaScan;
			};
			name = Debug;
		};
		E22DA2B52914D0DF004FD3E9 /* Release */ = {
			isa = XCBuildConfiguration;
			buildSettings = {
				ALWAYS_EMBED_SWIFT_STANDARD_LIBRARIES = YES;
				CODE_SIGN_STYLE = Automatic;
				CURRENT_PROJECT_VERSION = 1;
				DEVELOPMENT_TEAM = Q8A8KD834Q;
				GENERATE_INFOPLIST_FILE = YES;
				MARKETING_VERSION = 1.0;
				PRODUCT_BUNDLE_IDENTIFIER = RetinaScan.demoRetinaScanUITests;
				PRODUCT_NAME = "$(TARGET_NAME)";
				SWIFT_EMIT_LOC_STRINGS = NO;
				SWIFT_VERSION = 5.0;
				TARGETED_DEVICE_FAMILY = "1,2";
				TEST_TARGET_NAME = demoRetinaScan;
			};
			name = Release;
		};
/* End XCBuildConfiguration section */

/* Begin XCConfigurationList section */
		E22DA27E2914D0DE004FD3E9 /* Build configuration list for PBXProject "RetinaScan" */ = {
			isa = XCConfigurationList;
			buildConfigurations = (
				E22DA2AB2914D0DF004FD3E9 /* Debug */,
				E22DA2AC2914D0DF004FD3E9 /* Release */,
			);
			defaultConfigurationIsVisible = 0;
			defaultConfigurationName = Release;
		};
		E22DA2AD2914D0DF004FD3E9 /* Build configuration list for PBXNativeTarget "RetinaScan" */ = {
			isa = XCConfigurationList;
			buildConfigurations = (
				E22DA2AE2914D0DF004FD3E9 /* Debug */,
				E22DA2AF2914D0DF004FD3E9 /* Release */,
			);
			defaultConfigurationIsVisible = 0;
			defaultConfigurationName = Release;
		};
		E22DA2B02914D0DF004FD3E9 /* Build configuration list for PBXNativeTarget "RetinaScanTests" */ = {
			isa = XCConfigurationList;
			buildConfigurations = (
				E22DA2B12914D0DF004FD3E9 /* Debug */,
				E22DA2B22914D0DF004FD3E9 /* Release */,
			);
			defaultConfigurationIsVisible = 0;
			defaultConfigurationName = Release;
		};
		E22DA2B32914D0DF004FD3E9 /* Build configuration list for PBXNativeTarget "RetinaScanUITests" */ = {
			isa = XCConfigurationList;
			buildConfigurations = (
				E22DA2B42914D0DF004FD3E9 /* Debug */,
				E22DA2B52914D0DF004FD3E9 /* Release */,
			);
			defaultConfigurationIsVisible = 0;
			defaultConfigurationName = Release;
		};
/* End XCConfigurationList section */
	};
	rootObject = E22DA27B2914D0DE004FD3E9 /* Project object */;
}
